
Microsoft Visual Studio Solution File, Format Version 12.00
# Visual Studio Version 17
VisualStudioVersion = 17.13.35818.85 d17.13
MinimumVisualStudioVersion = 10.0.40219.1
Project("{FAE04EC0-301F-11D3-BF4B-00C04F79EFBC}") = "assignment1-2", "assignment1-2\assignment1-2.csproj", "{28DC60E0-C513-4E73-85F8-79EDDA4D1890}"
EndProject
Global
	GlobalSection(SolutionConfigurationPlatforms) = preSolution
		Debug|Any CPU = Debug|Any CPU
		Release|Any CPU = Release|Any CPU
	EndGlobalSection
	GlobalSection(ProjectConfigurationPlatforms) = postSolution
		{28DC60E0-C513-4E73-85F8-79EDDA4D1890}.Debug|Any CPU.ActiveCfg = Debug|Any CPU
		{28DC60E0-C513-4E73-85F8-79EDDA4D1890}.Debug|Any CPU.Build.0 = Debug|Any CPU
		{28DC60E0-C513-4E73-85F8-79EDDA4D1890}.Release|Any CPU.ActiveCfg = Release|Any CPU
		{28DC60E0-C513-4E73-85F8-79EDDA4D1890}.Release|Any CPU.Build.0 = Release|Any CPU
	EndGlobalSection
	GlobalSection(SolutionProperties) = preSolution
		HideSolutionNode = FALSE
	EndGlobalSection
	GlobalSection(ExtensibilityGlobals) = postSolution
		SolutionGuid = {83EA7316-C5DF-466C-92F1-805B88F40D70}
	EndGlobalSection
EndGlobal
