
Microsoft Visual Studio Solution File, Format Version 12.00
# Visual Studio Version 17
VisualStudioVersion = 17.11.35312.102
MinimumVisualStudioVersion = 10.0.40219.1
Project("{FAE04EC0-301F-11D3-BF4B-00C04F79EFBC}") = "assignment1-1", "assignment1-1\assignment1-1.csproj", "{EB8A98AF-43FE-4506-9D8E-297420B94733}"
EndProject
Global
	GlobalSection(SolutionConfigurationPlatforms) = preSolution
		Debug|Any CPU = Debug|Any CPU
		Release|Any CPU = Release|Any CPU
	EndGlobalSection
	GlobalSection(ProjectConfigurationPlatforms) = postSolution
		{EB8A98AF-43FE-4506-9D8E-297420B94733}.Debug|Any CPU.ActiveCfg = Debug|Any CPU
		{EB8A98AF-43FE-4506-9D8E-297420B94733}.Debug|Any CPU.Build.0 = Debug|Any CPU
		{EB8A98AF-43FE-4506-9D8E-297420B94733}.Release|Any CPU.ActiveCfg = Release|Any CPU
		{EB8A98AF-43FE-4506-9D8E-297420B94733}.Release|Any CPU.Build.0 = Release|Any CPU
	EndGlobalSection
	GlobalSection(SolutionProperties) = preSolution
		HideSolutionNode = FALSE
	EndGlobalSection
	GlobalSection(ExtensibilityGlobals) = postSolution
		SolutionGuid = {C38A1D57-058C-46EF-AB5A-ECF9D923FE55}
	EndGlobalSection
EndGlobal
